
Microsoft Visual Studio Solution File, Format Version 12.00
# Visual Studio Version 16
VisualStudioVersion = 16.0.29613.14
MinimumVisualStudioVersion = 10.0.40219.1
Project("{8BC9CEB8-8B4A-11D0-8D11-00A0C91BC942}") = "RandomNumbers", "RandomNumbers\RandomNumbers.vcxproj", "{A5263E43-7D2B-44ED-B4FF-968C88B330CE}"
EndProject
Global
	GlobalSection(SolutionConfigurationPlatforms) = preSolution
		Debug|x64 = Debug|x64
		Debug|x86 = Debug|x86
		Release|x64 = Release|x64
		Release|x86 = Release|x86
	EndGlobalSection
	GlobalSection(ProjectConfigurationPlatforms) = postSolution
		{A5263E43-7D2B-44ED-B4FF-968C88B330CE}.Debug|x64.ActiveCfg = Debug|x64
		{A5263E43-7D2B-44ED-B4FF-968C88B330CE}.Debug|x64.Build.0 = Debug|x64
		{A5263E43-7D2B-44ED-B4FF-968C88B330CE}.Debug|x86.ActiveCfg = Debug|Win32
		{A5263E43-7D2B-44ED-B4FF-968C88B330CE}.Debug|x86.Build.0 = Debug|Win32
		{A5263E43-7D2B-44ED-B4FF-968C88B330CE}.Release|x64.ActiveCfg = Release|x64
		{A5263E43-7D2B-44ED-B4FF-968C88B330CE}.Release|x64.Build.0 = Release|x64
		{A5263E43-7D2B-44ED-B4FF-968C88B330CE}.Release|x86.ActiveCfg = Release|Win32
		{A5263E43-7D2B-44ED-B4FF-968C88B330CE}.Release|x86.Build.0 = Release|Win32
	EndGlobalSection
	GlobalSection(SolutionProperties) = preSolution
		HideSolutionNode = FALSE
	EndGlobalSection
	GlobalSection(ExtensibilityGlobals) = postSolution
		SolutionGuid = {01AEDD0B-7251-4294-A9B9-629A85CE9AC1}
	EndGlobalSection
EndGlobal
